
Microsoft Visual Studio Solution File, Format Version 11.00
# Visual Studio 2010
Project("{8BC9CEB8-8B4A-11D0-8D11-00A0C91BC942}") = "motorTest", "motorTest\motorTest.vcxproj", "{5A0A797D-B646-4CC9-88B3-F26D8E0EA6FC}"
EndProject
Global
	GlobalSection(SolutionConfigurationPlatforms) = preSolution
		Debug|Win32 = Debug|Win32
		Release|Win32 = Release|Win32
	EndGlobalSection
	GlobalSection(ProjectConfigurationPlatforms) = postSolution
		{5A0A797D-B646-4CC9-88B3-F26D8E0EA6FC}.Debug|Win32.ActiveCfg = Debug|Win32
		{5A0A797D-B646-4CC9-88B3-F26D8E0EA6FC}.Debug|Win32.Build.0 = Debug|Win32
		{5A0A797D-B646-4CC9-88B3-F26D8E0EA6FC}.Release|Win32.ActiveCfg = Release|Win32
		{5A0A797D-B646-4CC9-88B3-F26D8E0EA6FC}.Release|Win32.Build.0 = Release|Win32
	EndGlobalSection
	GlobalSection(SolutionProperties) = preSolution
		HideSolutionNode = FALSE
	EndGlobalSection
EndGlobal
